
Microsoft Visual Studio Solution File, Format Version 12.00
# Visual Studio Version 16
VisualStudioVersion = 16.0.29519.87
MinimumVisualStudioVersion = 10.0.40219.1
Project("{FAE04EC0-301F-11D3-BF4B-00C04F79EFBC}") = "BlazorWebApp", "BlazorWebApp\BlazorWebApp.csproj", "{19635E04-056B-4FA8-A709-F2BB8C82D6F5}"
EndProject
Global
	GlobalSection(SolutionConfigurationPlatforms) = preSolution
		Debug|Any CPU = Debug|Any CPU
		Release|Any CPU = Release|Any CPU
	EndGlobalSection
	GlobalSection(ProjectConfigurationPlatforms) = postSolution
		{19635E04-056B-4FA8-A709-F2BB8C82D6F5}.Debug|Any CPU.ActiveCfg = Debug|Any CPU
		{19635E04-056B-4FA8-A709-F2BB8C82D6F5}.Debug|Any CPU.Build.0 = Debug|Any CPU
		{19635E04-056B-4FA8-A709-F2BB8C82D6F5}.Release|Any CPU.ActiveCfg = Release|Any CPU
		{19635E04-056B-4FA8-A709-F2BB8C82D6F5}.Release|Any CPU.Build.0 = Release|Any CPU
	EndGlobalSection
	GlobalSection(SolutionProperties) = preSolution
		HideSolutionNode = FALSE
	EndGlobalSection
	GlobalSection(ExtensibilityGlobals) = postSolution
		SolutionGuid = {15CF740A-5D42-4633-AE87-AC52818BD687}
	EndGlobalSection
EndGlobal
